# THIS IS AN AUTOGENERATED FILE. DO NOT EDIT THIS FILE DIRECTLY.
# yarn lockfile v1


accepts@^1.3.5:
  version "1.3.7"
  resolved "http://npm.goweike.cn/accepts/-/accepts-1.3.7.tgz#531bc726517a3b2b41f850021c6cc15eaab507cd"
  integrity sha1-UxvHJlF6OytB+FACHGzBXqq1B80=
  dependencies:
    mime-types "~2.1.24"
    negotiator "0.6.2"

align-text@^0.1.1, align-text@^0.1.3:
  version "0.1.4"
  resolved "http://npm.goweike.cn/align-text/-/align-text-0.1.4.tgz#0cd90a561093f35d0a99256c22b7069433fad117"
  integrity sha1-DNkKVhCT810KmSVsIrcGlDP60Rc=
  dependencies:
    kind-of "^3.0.2"
    longest "^1.0.1"
    repeat-string "^1.5.2"

any-promise@^1.0.0, any-promise@^1.1.0:
  version "1.3.0"
  resolved "http://npm.goweike.cn/any-promise/-/any-promise-1.3.0.tgz#abc6afeedcea52e809cdc0376aed3ce39635d17f"
  integrity sha1-q8av7tzqUugJzcA3au0845Y10X8=

any@^1.0.0:
  version "1.0.0"
  resolved "http://npm.goweike.cn/any/-/any-1.0.0.tgz#0a7b348c589faf6ba708d4a2241069ea51628b5e"
  integrity sha1-Cns0jFifr2unCNSiJBBp6lFii14=
  dependencies:
    for-own "^0.1.2"
    make-iterator "^0.1.0"

arr-diff@^1.1.0:
  version "1.1.0"
  resolved "http://npm.goweike.cn/arr-diff/-/arr-diff-1.1.0.tgz#687c32758163588fef7de7b36fabe495eb1a399a"
  integrity sha1-aHwydYFjWI/vfeezb6vklesaOZo=
  dependencies:
    arr-flatten "^1.0.1"
    array-slice "^0.2.3"

arr-flatten@^1.0.1:
  version "1.1.0"
  resolved "http://npm.goweike.cn/arr-flatten/-/arr-flatten-1.1.0.tgz#36048bbff4e7b47e136644316c99669ea5ae91f1"
  integrity sha512-L3hKV5R/p5o81R7O02IGnwpDmkp6E982XhtbuwSe3O4qOtMMMtodicASA1Cny2U+aCXcNpml+m4dPsvsJ3jatg==

arr-map@^2.0.0:
  version "2.0.2"
  resolved "http://npm.goweike.cn/arr-map/-/arr-map-2.0.2.tgz#3a77345ffc1cf35e2a91825601f9e58f2e24cac4"
  integrity sha1-Onc0X/wc814qkYJWAfnljy4kysQ=
  dependencies:
    make-iterator "^1.0.0"

arr-union@^3.0.0:
  version "3.1.0"
  resolved "http://npm.goweike.cn/arr-union/-/arr-union-3.1.0.tgz#e39b09aea9def866a8f206e288af63919bae39c4"
  integrity sha1-45sJrqne+Gao8gbiiK9jkZuuOcQ=

array-each@^0.1.0, array-each@^0.1.1:
  version "0.1.1"
  resolved "http://npm.goweike.cn/array-each/-/array-each-0.1.1.tgz#c5d52ba8225f36d728178ba7aec413acfaddd0f9"
  integrity sha1-xdUrqCJfNtcoF4unrsQTrPrd0Pk=

array-slice@^0.2.3:
  version "0.2.3"
  resolved "http://npm.goweike.cn/array-slice/-/array-slice-0.2.3.tgz#dd3cfb80ed7973a75117cdac69b0b99ec86186f5"
  integrity sha1-3Tz7gO15c6dRF82sabC5nshhhvU=

array-unique@^0.2.1:
  version "0.2.1"
  resolved "http://npm.goweike.cn/array-unique/-/array-unique-0.2.1.tgz#a1d97ccafcbc2625cc70fadceb36a50c58b01a53"
  integrity sha1-odl8yvy8JiXMcPrc6zalDFiwGlM=

async@2.6.2:
  version "2.6.2"
  resolved "http://npm.goweike.cn/async/-/async-2.6.2.tgz#18330ea7e6e313887f5d2f2a904bac6fe4dd5381"
  integrity sha512-H1qVYh1MYhEEFLsP97cVKqCGo7KfCyTt6uEWqsTBr9SO84oK9Uwbyd/yCW+6rKJLHksBNUVWZDAjfS+Ccx0Bbg==
  dependencies:
    lodash "^4.17.11"

bignumber.js@7.2.1:
  version "7.2.1"
  resolved "http://npm.goweike.cn/bignumber.js/-/bignumber.js-7.2.1.tgz#80c048759d826800807c4bfd521e50edbba57a5f"
  integrity sha1-gMBIdZ2CaACAfEv9Uh5Q7bulel8=

bluebird@3.5.1:
  version "3.5.1"
  resolved "http://npm.goweike.cn/bluebird/-/bluebird-3.5.1.tgz#d9551f9de98f1fcda1e683d17ee91a0602ee2eb9"
  integrity sha512-MKiLiV+I1AA596t9w1sQJ8jkiSr5+ZKi0WKrYGUn6d1Fx+Ij4tIj+m2WMQSGczs5jZVxV339chE8iwk6F64wjA==

bson@^1.1.1, bson@~1.1.1:
  version "1.1.1"
  resolved "http://npm.goweike.cn/bson/-/bson-1.1.1.tgz#4330f5e99104c4e751e7351859e2d408279f2f13"
  integrity sha1-QzD16ZEExOdR5zUYWeLUCCefLxM=

buffer-equal-constant-time@1.0.1:
  version "1.0.1"
  resolved "http://npm.goweike.cn/buffer-equal-constant-time/-/buffer-equal-constant-time-1.0.1.tgz#f8e71132f7ffe6e01a5c9697a4c6f3e48d5cc819"
  integrity sha1-+OcRMvf/5uAaXJaXpMbz5I1cyBk=

bytes@2.4.0:
  version "2.4.0"
  resolved "http://npm.goweike.cn/bytes/-/bytes-2.4.0.tgz#7d97196f9d5baf7f6935e25985549edd2a6c2339"
  integrity sha1-fZcZb51br39pNeJZhVSe3SpsIzk=

cache-content-type@^1.0.0:
  version "1.0.1"
  resolved "http://npm.goweike.cn/cache-content-type/-/cache-content-type-1.0.1.tgz#035cde2b08ee2129f4a8315ea8f00a00dba1453c"
  integrity sha1-A1zeKwjuISn0qDFeqPAKANuhRTw=
  dependencies:
    mime-types "^2.1.18"
    ylru "^1.2.0"

center-align@^0.1.1:
  version "0.1.3"
  resolved "http://npm.goweike.cn/center-align/-/center-align-0.1.3.tgz#aa0d32629b6ee972200411cbd4461c907bc2b7ad"
  integrity sha1-qg0yYptu6XIgBBHL1EYckHvCt60=
  dependencies:
    align-text "^0.1.3"
    lazy-cache "^1.0.3"

cluster-key-slot@^1.1.0:
  version "1.1.0"
  resolved "http://npm.goweike.cn/cluster-key-slot/-/cluster-key-slot-1.1.0.tgz#30474b2a981fb12172695833052bc0d01336d10d"
  integrity sha1-MEdLKpgfsSFyaVgzBSvA0BM20Q0=

co-body@^4.2.0:
  version "4.2.0"
  resolved "http://npm.goweike.cn/co-body/-/co-body-4.2.0.tgz#74df20fa73262125dc45482af04e342ea8db3515"
  integrity sha1-dN8g+nMmISXcRUgq8E40LqjbNRU=
  dependencies:
    inflation "~2.0.0"
    qs "~4.0.0"
    raw-body "~2.1.2"
    type-is "~1.6.6"

co@^4.6.0:
  version "4.6.0"
  resolved "http://npm.goweike.cn/co/-/co-4.6.0.tgz#6ea6bdf3d853ae54ccb8e47bfa0bf3f9031fb184"
  integrity sha1-bqa989hTrlTMuOR7+gvz+QMfsYQ=

content-disposition@~0.5.2:
  version "0.5.3"
  resolved "http://npm.goweike.cn/content-disposition/-/content-disposition-0.5.3.tgz#e130caf7e7279087c5616c2007d0485698984fbd"
  integrity sha512-ExO0774ikEObIAEV9kDo50o+79VCUdEB6n6lzKgGwupcVeRlhrj3qGAfwq8G6uBJjkqLrhT0qEYFcWng8z1z0g==
  dependencies:
    safe-buffer "5.1.2"

content-type@^1.0.4:
  version "1.0.4"
  resolved "http://npm.goweike.cn/content-type/-/content-type-1.0.4.tgz#e138cc75e040c727b1966fe5e5f8c9aee256fe3b"
  integrity sha512-hIP3EEPs8tB9AT1L+NUqtwOAps4mk2Zob89MWXMHjHWg9milF/j4osnnQLXBCBFBk/tvIG/tUc9mOUJiPBhPXA==

cookies@~0.7.1:
  version "0.7.3"
  resolved "http://npm.goweike.cn/cookies/-/cookies-0.7.3.tgz#7912ce21fbf2e8c2da70cf1c3f351aecf59dadfa"
  integrity sha1-eRLOIfvy6MLacM8cPzUa7PWdrfo=
  dependencies:
    depd "~1.1.2"
    keygrip "~1.0.3"

copy-to@^2.0.1:
  version "2.0.1"
  resolved "http://npm.goweike.cn/copy-to/-/copy-to-2.0.1.tgz#2680fbb8068a48d08656b6098092bdafc906f4a5"
  integrity sha1-JoD7uAaKSNCGVrYJgJK9r8kG9KU=

core-util-is@~1.0.0:
  version "1.0.2"
  resolved "http://npm.goweike.cn/core-util-is/-/core-util-is-1.0.2.tgz#b5fd54220aa2bc5ab57aab7140c940754503c1a7"
  integrity sha1-tf1UIgqivFq1eqtxQMlAdUUDwac=

debug@3.1.0, debug@~3.1.0:
  version "3.1.0"
  resolved "http://npm.goweike.cn/debug/-/debug-3.1.0.tgz#5bb5a0672628b64149566ba16819e61518c67261"
  integrity sha512-OX8XqP7/1a9cqkxYw2yXss15f26NKWBpDXQd0/uK/KPqdQhxbPa994hnzjcE2VqQpDslf55723cKPUOGSmMY3g==
  dependencies:
    ms "2.0.0"

debug@^3.1.0:
  version "3.2.6"
  resolved "http://npm.goweike.cn/debug/-/debug-3.2.6.tgz#e83d17de16d8a7efb7717edbe5fb10135eee629b"
  integrity sha512-mel+jf7nrtEl5Pn1Qx46zARXKDpBbvzezse7p7LqINmdoIk8PYP5SySaxEmYv6TZ0JyEKA1hsCId6DIhgITtWQ==
  dependencies:
    ms "^2.1.1"

debug@^4.1.1:
  version "4.1.1"
  resolved "http://npm.goweike.cn/debug/-/debug-4.1.1.tgz#3b72260255109c6b589cee050f1d516139664791"
  integrity sha512-pYAIzeRo8J6KPEaJ0VWOh5Pzkbw/RetuzehGM7QRRX5he4fPHx2rdKMB256ehJCkX+XRQm16eZLqLNS8RSZXZw==
  dependencies:
    ms "^2.1.1"

deep-equal@~1.0.1:
  version "1.0.1"
  resolved "http://npm.goweike.cn/deep-equal/-/deep-equal-1.0.1.tgz#f5d260292b660e084eff4cdbc9f08ad3247448b5"
  integrity sha1-9dJgKStmDghO/0zbyfCK0yR0SLU=

delegates@^1.0.0:
  version "1.0.0"
  resolved "http://npm.goweike.cn/delegates/-/delegates-1.0.0.tgz#84c6e159b81904fdca59a0ef44cd870d31250f9a"
  integrity sha1-hMbhWbgZBP3KWaDvRM2HDTElD5o=

denque@^1.1.0:
  version "1.4.1"
  resolved "http://npm.goweike.cn/denque/-/denque-1.4.1.tgz#6744ff7641c148c3f8a69c307e51235c1f4a37cf"
  integrity sha1-Z0T/dkHBSMP4ppwwflEjXB9KN88=

depd@^1.1.2, depd@~1.1.2:
  version "1.1.2"
  resolved "http://npm.goweike.cn/depd/-/depd-1.1.2.tgz#9bcd52e14c097763e749b274c4346ed2e560b5a9"
  integrity sha1-m81S4UwJd2PnSbJ0xDRu0uVgtak=

destroy@^1.0.4:
  version "1.0.4"
  resolved "http://npm.goweike.cn/destroy/-/destroy-1.0.4.tgz#978857442c44749e4206613e37946205826abd80"
  integrity sha1-l4hXRCxEdJ5CBmE+N5RiBYJqvYA=

ecdsa-sig-formatter@1.0.11:
  version "1.0.11"
  resolved "http://npm.goweike.cn/ecdsa-sig-formatter/-/ecdsa-sig-formatter-1.0.11.tgz#ae0f0fa2d85045ef14a817daa3ce9acd0489e5bf"
  integrity sha1-rg8PothQRe8UqBfao86azQSJ5b8=
  dependencies:
    safe-buffer "^5.0.1"

ee-first@1.1.1:
  version "1.1.1"
  resolved "http://npm.goweike.cn/ee-first/-/ee-first-1.1.1.tgz#590c61156b0ae2f4f0255732a158b266bc56b21d"
  integrity sha1-WQxhFWsK4vTwJVcyoViyZrxWsh0=

error-inject@^1.0.0:
  version "1.0.0"
  resolved "http://npm.goweike.cn/error-inject/-/error-inject-1.0.0.tgz#e2b3d91b54aed672f309d950d154850fa11d4f37"
  integrity sha1-4rPZG1Su1nLzCdlQ0VSFD6EdTzc=

escape-html@^1.0.3:
  version "1.0.3"
  resolved "http://npm.goweike.cn/escape-html/-/escape-html-1.0.3.tgz#0258eae4d3d0c0974de1c169188ef0051d1d1988"
  integrity sha1-Aljq5NPQwJdN4cFpGI7wBR0dGYg=

export-dirs@^0.2.4:
  version "0.2.4"
  resolved "http://npm.goweike.cn/export-dirs/-/export-dirs-0.2.4.tgz#2e16b9b46ebc2c07acb657ccdfbe3845393fe742"
  integrity sha1-Lha5tG68LAestlfM3744RTk/50I=

export-files@^2.1.0:
  version "2.1.1"
  resolved "http://npm.goweike.cn/export-files/-/export-files-2.1.1.tgz#bbf64574053a09e4eb98e5f43501d572b2c3ce7f"
  integrity sha1-u/ZFdAU6CeTrmOX0NQHVcrLDzn8=
  dependencies:
    lazy-cache "^1.0.3"

extend-shallow@^2.0.1:
  version "2.0.1"
  resolved "http://npm.goweike.cn/extend-shallow/-/extend-shallow-2.0.1.tgz#51af7d614ad9a9f610ea1bafbb989d6b1c56890f"
  integrity sha1-Ua99YUrZqfYQ6huvu5idaxxWiQ8=
  dependencies:
    is-extendable "^0.1.0"

for-in@^0.1.4:
  version "0.1.8"
  resolved "http://npm.goweike.cn/for-in/-/for-in-0.1.8.tgz#d8773908e31256109952b1fdb9b3fa867d2775e1"
  integrity sha1-2Hc5COMSVhCZUrH9ubP6hn0ndeE=

for-in@^1.0.1:
  version "1.0.2"
  resolved "http://npm.goweike.cn/for-in/-/for-in-1.0.2.tgz#81068d295a8142ec0ac726c6e2200c30fb6d5e80"
  integrity sha1-gQaNKVqBQuwKxybG4iAMMPttXoA=

for-own@^0.1.1, for-own@^0.1.2, for-own@^0.1.3, for-own@^0.1.4:
  version "0.1.5"
  resolved "http://npm.goweike.cn/for-own/-/for-own-0.1.5.tgz#5265c681a4f294dabbf17c9509b6763aa84510ce"
  integrity sha1-UmXGgaTylNq78XyVCbZ2OqhFEM4=
  dependencies:
    for-in "^1.0.1"

formidable@^1.2.1:
  version "1.2.1"
  resolved "http://npm.goweike.cn/formidable/-/formidable-1.2.1.tgz#70fb7ca0290ee6ff961090415f4b3df3d2082659"
  integrity sha1-cPt8oCkO5v+WEJBBX0s989IIJlk=

fresh@~0.5.2:
  version "0.5.2"
  resolved "http://npm.goweike.cn/fresh/-/fresh-0.5.2.tgz#3d8cadd90d976569fa835ab1f8e4b23a105605a7"
  integrity sha1-PYyt2Q2XZWn6g1qx+OSyOhBWBac=

has-values@^0.1.3:
  version "0.1.4"
  resolved "http://npm.goweike.cn/has-values/-/has-values-0.1.4.tgz#6d61de95d91dfca9b9a02089ad384bff8f62b771"
  integrity sha1-bWHeldkd/Km5oCCJrThL/49it3E=

http-assert@^1.3.0:
  version "1.4.1"
  resolved "http://npm.goweike.cn/http-assert/-/http-assert-1.4.1.tgz#c5f725d677aa7e873ef736199b89686cceb37878"
  integrity sha1-xfcl1neqfoc+9zYZm4lobM6zeHg=
  dependencies:
    deep-equal "~1.0.1"
    http-errors "~1.7.2"

http-errors@^1.3.1, http-errors@^1.6.3, http-errors@~1.7.2:
  version "1.7.3"
  resolved "http://npm.goweike.cn/http-errors/-/http-errors-1.7.3.tgz#6c619e4f9c60308c38519498c14fbb10aacebb06"
  integrity sha1-bGGeT5xgMIw4UZSYwU+7EKrOuwY=
  dependencies:
    depd "~1.1.2"
    inherits "2.0.4"
    setprototypeof "1.1.1"
    statuses ">= 1.5.0 < 2"
    toidentifier "1.0.0"

iconv-lite@0.4.13:
  version "0.4.13"
  resolved "http://npm.goweike.cn/iconv-lite/-/iconv-lite-0.4.13.tgz#1f88aba4ab0b1508e8312acc39345f36e992e2f2"
  integrity sha1-H4irpKsLFQjoMSrMOTRfNumS4vI=

inflation@~2.0.0:
  version "2.0.0"
  resolved "http://npm.goweike.cn/inflation/-/inflation-2.0.0.tgz#8b417e47c28f925a45133d914ca1fd389107f30f"
  integrity sha1-i0F+R8KPklpFEz2RTKH9OJEH8w8=

inherits@2.0.4, inherits@~2.0.3:
  version "2.0.4"
  resolved "http://npm.goweike.cn/inherits/-/inherits-2.0.4.tgz#0fa2c64f932917c3433a0ded55363aae37416b7c"
  integrity sha1-D6LGT5MpF8NDOg3tVTY6rjdBa3w=

ioredis@^4.14.1:
  version "4.14.1"
  resolved "http://npm.goweike.cn/ioredis/-/ioredis-4.14.1.tgz#b73ded95fcf220f106d33125a92ef6213aa31318"
  integrity sha1-tz3tlfzyIPEG0zElqS72ITqjExg=
  dependencies:
    cluster-key-slot "^1.1.0"
    debug "^4.1.1"
    denque "^1.1.0"
    lodash.defaults "^4.2.0"
    lodash.flatten "^4.4.0"
    redis-commands "1.5.0"
    redis-errors "^1.2.0"
    redis-parser "^3.0.0"
    standard-as-callback "^2.0.1"

is-buffer@^1.0.2, is-buffer@^1.1.5:
  version "1.1.6"
  resolved "http://npm.goweike.cn/is-buffer/-/is-buffer-1.1.6.tgz#efaa2ea9daa0d7ab2ea13a97b2b8ad51fefbe8be"
  integrity sha512-NcdALwpXkTm5Zvvbk7owOUSvVvBKDgKP5/ewfXEznmQFfs4ZRmanOeKBTjRVjka3QFoN6XJ+9F3USqfHqTaU5w==

is-extendable@^0.1.0, is-extendable@^0.1.1:
  version "0.1.1"
  resolved "http://npm.goweike.cn/is-extendable/-/is-extendable-0.1.1.tgz#62b110e289a471418e3ec36a617d472e301dfc89"
  integrity sha1-YrEQ4omkcUGOPsNqYX1HLjAd/Ik=

is-generator-function@^1.0.7:
  version "1.0.7"
  resolved "http://npm.goweike.cn/is-generator-function/-/is-generator-function-1.0.7.tgz#d2132e529bb0000a7f80794d4bdf5cd5e5813522"
  integrity sha1-0hMuUpuwAAp/gHlNS99c1eWBNSI=

is-number@^2.0.2:
  version "2.1.0"
  resolved "http://npm.goweike.cn/is-number/-/is-number-2.1.0.tgz#01fcbbb393463a548f2f466cce16dece49db908f"
  integrity sha1-Afy7s5NGOlSPL0ZszhbezknbkI8=
  dependencies:
    kind-of "^3.0.2"

is-plain-object@^2.0.1:
  version "2.0.4"
  resolved "http://npm.goweike.cn/is-plain-object/-/is-plain-object-2.0.4.tgz#2c163b3fafb1b606d9d17928f05c2a1c38e07677"
  integrity sha512-h5PpgXkWitc38BBMYawTYMWJHFZJVnBquFE57xFpjB8pJFiF6gZ+bU+WyI/yqXiFR5mdLsgYNaPe8uao6Uv9Og==
  dependencies:
    isobject "^3.0.1"

isarray@0.0.1:
  version "0.0.1"
  resolved "http://npm.goweike.cn/isarray/-/isarray-0.0.1.tgz#8a18acfca9a8f4177e09abfc6038939b05d1eedf"
  integrity sha1-ihis/Kmo9Bd+Cav8YDiTmwXR7t8=

isarray@~1.0.0:
  version "1.0.0"
  resolved "http://npm.goweike.cn/isarray/-/isarray-1.0.0.tgz#bb935d48582cba168c06834957a54a3e07124f11"
  integrity sha1-u5NdSFgsuhaMBoNJV6VKPgcSTxE=

isobject@^1.0.0:
  version "1.0.2"
  resolved "http://npm.goweike.cn/isobject/-/isobject-1.0.2.tgz#f0f9b8ce92dd540fa0740882e3835a2e022ec78a"
  integrity sha1-8Pm4zpLdVA+gdAiC44NaLgIux4o=

isobject@^3.0.1:
  version "3.0.1"
  resolved "http://npm.goweike.cn/isobject/-/isobject-3.0.1.tgz#4e431e92b11a9731636aa1f9c8d1ccbcfdab78df"
  integrity sha1-TkMekrEalzFjaqH5yNHMvP2reN8=

jsonwebtoken@^8.5.1:
  version "8.5.1"
  resolved "http://npm.goweike.cn/jsonwebtoken/-/jsonwebtoken-8.5.1.tgz#00e71e0b8df54c2121a1f26137df2280673bcc0d"
  integrity sha1-AOceC431TCEhofJhN98igGc7zA0=
  dependencies:
    jws "^3.2.2"
    lodash.includes "^4.3.0"
    lodash.isboolean "^3.0.3"
    lodash.isinteger "^4.0.4"
    lodash.isnumber "^3.0.3"
    lodash.isplainobject "^4.0.6"
    lodash.isstring "^4.0.1"
    lodash.once "^4.0.0"
    ms "^2.1.1"
    semver "^5.6.0"

jwa@^1.4.1:
  version "1.4.1"
  resolved "http://npm.goweike.cn/jwa/-/jwa-1.4.1.tgz#743c32985cb9e98655530d53641b66c8645b039a"
  integrity sha1-dDwymFy56YZVUw1TZBtmyGRbA5o=
  dependencies:
    buffer-equal-constant-time "1.0.1"
    ecdsa-sig-formatter "1.0.11"
    safe-buffer "^5.0.1"

jws@^3.2.2:
  version "3.2.2"
  resolved "http://npm.goweike.cn/jws/-/jws-3.2.2.tgz#001099f3639468c9414000e99995fa52fb478304"
  integrity sha1-ABCZ82OUaMlBQADpmZX6UvtHgwQ=
  dependencies:
    jwa "^1.4.1"
    safe-buffer "^5.0.1"

kareem@2.3.1:
  version "2.3.1"
  resolved "http://npm.goweike.cn/kareem/-/kareem-2.3.1.tgz#def12d9c941017fabfb00f873af95e9c99e1be87"
  integrity sha1-3vEtnJQQF/q/sA+HOvlenJnhvoc=

keygrip@~1.0.3:
  version "1.0.3"
  resolved "http://npm.goweike.cn/keygrip/-/keygrip-1.0.3.tgz#399d709f0aed2bab0a059e0cdd3a5023a053e1dc"
  integrity sha1-OZ1wnwrtK6sKBZ4M3TpQI6BT4dw=

kind-of@^2.0.1:
  version "2.0.1"
  resolved "http://npm.goweike.cn/kind-of/-/kind-of-2.0.1.tgz#018ec7a4ce7e3a86cb9141be519d24c8faa981b5"
  integrity sha1-AY7HpM5+OobLkUG+UZ0kyPqpgbU=
  dependencies:
    is-buffer "^1.0.2"

kind-of@^3.0.2, kind-of@^3.0.3:
  version "3.2.2"
  resolved "http://npm.goweike.cn/kind-of/-/kind-of-3.2.2.tgz#31ea21a734bab9bbb0f32466d893aea51e4a3c64"
  integrity sha1-MeohpzS6ubuw8yRm2JOupR5KPGQ=
  dependencies:
    is-buffer "^1.1.5"

kind-of@^6.0.2:
  version "6.0.2"
  resolved "http://npm.goweike.cn/kind-of/-/kind-of-6.0.2.tgz#01146b36a6218e64e58f3a8d66de5d7fc6f6d051"
  integrity sha512-s5kLOcnH0XqDO+FvuaLX8DDjZ18CGFk7VygH40QoKPUQhW4e2rvM0rwUq0t8IQDOwYSeLK01U90OjzBTme2QqA==

koa-bodyparser@^3.2.0:
  version "3.2.0"
  resolved "http://npm.goweike.cn/koa-bodyparser/-/koa-bodyparser-3.2.0.tgz#b916de17e2039fe82650481973d7c294f10b5719"
  integrity sha1-uRbeF+IDn+gmUEgZc9fClPELVxk=
  dependencies:
    co-body "^4.2.0"

koa-compose@^3.0.0:
  version "3.2.1"
  resolved "http://npm.goweike.cn/koa-compose/-/koa-compose-3.2.1.tgz#a85ccb40b7d986d8e5a345b3a1ace8eabcf54de7"
  integrity sha1-qFzLQLfZhtjlo0Wzoazo6rz1Tec=
  dependencies:
    any-promise "^1.1.0"

koa-compose@^4.1.0:
  version "4.1.0"
  resolved "http://npm.goweike.cn/koa-compose/-/koa-compose-4.1.0.tgz#507306b9371901db41121c812e923d0d67d3e877"
  integrity sha1-UHMGuTcZAdtBEhyBLpI9DWfT6Hc=

koa-convert@^1.2.0:
  version "1.2.0"
  resolved "http://npm.goweike.cn/koa-convert/-/koa-convert-1.2.0.tgz#da40875df49de0539098d1700b50820cebcd21d0"
  integrity sha1-2kCHXfSd4FOQmNFwC1CCDOvNIdA=
  dependencies:
    co "^4.6.0"
    koa-compose "^3.0.0"

koa-is-json@^1.0.0:
  version "1.0.0"
  resolved "http://npm.goweike.cn/koa-is-json/-/koa-is-json-1.0.0.tgz#273c07edcdcb8df6a2c1ab7d59ee76491451ec14"
  integrity sha1-JzwH7c3Ljfaiwat9We52SRRR7BQ=

koa-router@^7.4.0:
  version "7.4.0"
  resolved "http://npm.goweike.cn/koa-router/-/koa-router-7.4.0.tgz#aee1f7adc02d5cb31d7d67465c9eacc825e8c5e0"
  integrity sha1-ruH3rcAtXLMdfWdGXJ6syCXoxeA=
  dependencies:
    debug "^3.1.0"
    http-errors "^1.3.1"
    koa-compose "^3.0.0"
    methods "^1.0.1"
    path-to-regexp "^1.1.1"
    urijs "^1.19.0"

koa2-cors@^2.0.6:
  version "2.0.6"
  resolved "http://npm.goweike.cn/koa2-cors/-/koa2-cors-2.0.6.tgz#9ad23df3a0b9bb84530b46f5944f3fb576086554"
  integrity sha1-mtI986C5u4RTC0b1lE8/tXYIZVQ=

koa@^2.8.1:
  version "2.8.1"
  resolved "http://npm.goweike.cn/koa/-/koa-2.8.1.tgz#98e13b267ab8a1868f015a4b41b5a52e31457ce5"
  integrity sha1-mOE7Jnq4oYaPAVpLQbWlLjFFfOU=
  dependencies:
    accepts "^1.3.5"
    cache-content-type "^1.0.0"
    content-disposition "~0.5.2"
    content-type "^1.0.4"
    cookies "~0.7.1"
    debug "~3.1.0"
    delegates "^1.0.0"
    depd "^1.1.2"
    destroy "^1.0.4"
    error-inject "^1.0.0"
    escape-html "^1.0.3"
    fresh "~0.5.2"
    http-assert "^1.3.0"
    http-errors "^1.6.3"
    is-generator-function "^1.0.7"
    koa-compose "^4.1.0"
    koa-convert "^1.2.0"
    koa-is-json "^1.0.0"
    on-finished "^2.3.0"
    only "~0.0.2"
    parseurl "^1.3.2"
    statuses "^1.5.0"
    type-is "^1.6.16"
    vary "^1.1.2"

lazy-cache@^1.0.3:
  version "1.0.4"
  resolved "http://npm.goweike.cn/lazy-cache/-/lazy-cache-1.0.4.tgz#a1d78fc3a50474cb80845d3b3b6e1da49a446e8e"
  integrity sha1-odePw6UEdMuAhF07O24dpJpEbo4=

lodash.defaults@^4.2.0:
  version "4.2.0"
  resolved "http://npm.goweike.cn/lodash.defaults/-/lodash.defaults-4.2.0.tgz#d09178716ffea4dde9e5fb7b37f6f0802274580c"
  integrity sha1-0JF4cW/+pN3p5ft7N/bwgCJ0WAw=

lodash.flatten@^4.4.0:
  version "4.4.0"
  resolved "http://npm.goweike.cn/lodash.flatten/-/lodash.flatten-4.4.0.tgz#f31c22225a9632d2bbf8e4addbef240aa765a61f"
  integrity sha1-8xwiIlqWMtK7+OSt2+8kCqdlph8=

lodash.includes@^4.3.0:
  version "4.3.0"
  resolved "http://npm.goweike.cn/lodash.includes/-/lodash.includes-4.3.0.tgz#60bb98a87cb923c68ca1e51325483314849f553f"
  integrity sha1-YLuYqHy5I8aMoeUTJUgzFISfVT8=

lodash.isboolean@^3.0.3:
  version "3.0.3"
  resolved "http://npm.goweike.cn/lodash.isboolean/-/lodash.isboolean-3.0.3.tgz#6c2e171db2a257cd96802fd43b01b20d5f5870f6"
  integrity sha1-bC4XHbKiV82WgC/UOwGyDV9YcPY=

lodash.isinteger@^4.0.4:
  version "4.0.4"
  resolved "http://npm.goweike.cn/lodash.isinteger/-/lodash.isinteger-4.0.4.tgz#619c0af3d03f8b04c31f5882840b77b11cd68343"
  integrity sha1-YZwK89A/iwTDH1iChAt3sRzWg0M=

lodash.isnumber@^3.0.3:
  version "3.0.3"
  resolved "http://npm.goweike.cn/lodash.isnumber/-/lodash.isnumber-3.0.3.tgz#3ce76810c5928d03352301ac287317f11c0b1ffc"
  integrity sha1-POdoEMWSjQM1IwGsKHMX8RwLH/w=

lodash.isplainobject@^4.0.6:
  version "4.0.6"
  resolved "http://npm.goweike.cn/lodash.isplainobject/-/lodash.isplainobject-4.0.6.tgz#7c526a52d89b45c45cc690b88163be0497f550cb"
  integrity sha1-fFJqUtibRcRcxpC4gWO+BJf1UMs=

lodash.isstring@^4.0.1:
  version "4.0.1"
  resolved "http://npm.goweike.cn/lodash.isstring/-/lodash.isstring-4.0.1.tgz#d527dfb5456eca7cc9bb95d5daeaf88ba54a5451"
  integrity sha1-1SfftUVuynzJu5XV2ur4i6VKVFE=

lodash.once@^4.0.0:
  version "4.1.1"
  resolved "http://npm.goweike.cn/lodash.once/-/lodash.once-4.1.1.tgz#0dd3971213c7c56df880977d504c88fb471a97ac"
  integrity sha1-DdOXEhPHxW34gJd9UEyI+0cal6w=

lodash@^4.17.11:
  version "4.17.15"
  resolved "http://npm.goweike.cn/lodash/-/lodash-4.17.15.tgz#b447f6670a0455bbfeedd11392eff330ea097548"
  integrity sha1-tEf2ZwoEVbv+7dETku/zMOoJdUg=

longest@^1.0.1:
  version "1.0.1"
  resolved "http://npm.goweike.cn/longest/-/longest-1.0.1.tgz#30a0b2da38f73770e8294a0d22e6625ed77d0097"
  integrity sha1-MKCy2jj3N3DoKUoNIuZiXtd9AJc=

make-iterator@^0.1.0:
  version "0.1.1"
  resolved "http://npm.goweike.cn/make-iterator/-/make-iterator-0.1.1.tgz#873d27b8198a465a81483b6f5d16da4e863ecf5b"
  integrity sha1-hz0nuBmKRlqBSDtvXRbaToY+z1s=
  dependencies:
    for-own "^0.1.1"

make-iterator@^0.2.0:
  version "0.2.1"
  resolved "http://npm.goweike.cn/make-iterator/-/make-iterator-0.2.1.tgz#a19c660132b54ae6d64f881ec14056c746dbe972"
  integrity sha1-oZxmATK1SubWT4gewUBWx0bb6XI=
  dependencies:
    kind-of "^3.0.3"

make-iterator@^1.0.0:
  version "1.0.1"
  resolved "http://npm.goweike.cn/make-iterator/-/make-iterator-1.0.1.tgz#29b33f312aa8f547c4a5e490f56afcec99133ad6"
  integrity sha1-KbM/MSqo9UfEpeSQ9Wr87JkTOtY=
  dependencies:
    kind-of "^6.0.2"

media-typer@0.3.0:
  version "0.3.0"
  resolved "http://npm.goweike.cn/media-typer/-/media-typer-0.3.0.tgz#8710d7af0aa626f8fffa1ce00168545263255748"
  integrity sha1-hxDXrwqmJvj/+hzgAWhUUmMlV0g=

memory-pager@^1.0.2:
  version "1.5.0"
  resolved "http://npm.goweike.cn/memory-pager/-/memory-pager-1.5.0.tgz#d8751655d22d384682741c972f2c3d6dfa3e66b5"
  integrity sha1-2HUWVdItOEaCdByXLyw9bfo+ZrU=

methods@^1.0.1:
  version "1.1.2"
  resolved "http://npm.goweike.cn/methods/-/methods-1.1.2.tgz#5529a4d67654134edcc5266656835b0f851afcee"
  integrity sha1-VSmk1nZUE07cxSZmVoNbD4Ua/O4=

mime-db@1.40.0:
  version "1.40.0"
  resolved "http://npm.goweike.cn/mime-db/-/mime-db-1.40.0.tgz#a65057e998db090f732a68f6c276d387d4126c32"
  integrity sha1-plBX6ZjbCQ9zKmj2wnbTh9QSbDI=

mime-types@^2.1.18, mime-types@~2.1.24:
  version "2.1.24"
  resolved "http://npm.goweike.cn/mime-types/-/mime-types-2.1.24.tgz#b6f8d0b3e951efb77dedeca194cff6d16f676f81"
  integrity sha1-tvjQs+lR77d97eyhlM/20W9nb4E=
  dependencies:
    mime-db "1.40.0"

minimist@0.0.8:
  version "0.0.8"
  resolved "http://npm.goweike.cn/minimist/-/minimist-0.0.8.tgz#857fcabfc3397d2625b8228262e86aa7a011b05d"
  integrity sha1-hX/Kv8M5fSYluCKCYuhqp6ARsF0=

mkdirp@^0.5.1:
  version "0.5.1"
  resolved "http://npm.goweike.cn/mkdirp/-/mkdirp-0.5.1.tgz#30057438eac6cf7f8c4767f38648d6697d75c903"
  integrity sha1-MAV0OOrGz3+MR2fzhkjWaX11yQM=
  dependencies:
    minimist "0.0.8"

mongodb-core@3.2.7:
  version "3.2.7"
  resolved "http://npm.goweike.cn/mongodb-core/-/mongodb-core-3.2.7.tgz#a8ef1fe764a192c979252dacbc600dc88d77e28f"
  integrity sha1-qO8f52Shksl5JS2svGANyI134o8=
  dependencies:
    bson "^1.1.1"
    require_optional "^1.0.1"
    safe-buffer "^5.1.2"
  optionalDependencies:
    saslprep "^1.0.0"

mongodb@3.2.7:
  version "3.2.7"
  resolved "http://npm.goweike.cn/mongodb/-/mongodb-3.2.7.tgz#8ba149e4be708257cad0dea72aebb2bbb311a7ac"
  integrity sha1-i6FJ5L5wglfK0N6nKuuyu7MRp6w=
  dependencies:
    mongodb-core "3.2.7"
    safe-buffer "^5.1.2"

mongoose-legacy-pluralize@1.0.2:
  version "1.0.2"
  resolved "http://npm.goweike.cn/mongoose-legacy-pluralize/-/mongoose-legacy-pluralize-1.0.2.tgz#3ba9f91fa507b5186d399fb40854bff18fb563e4"
  integrity sha1-O6n5H6UHtRhtOZ+0CFS/8Y+1Y+Q=

mongoose@^5.6.11:
  version "5.6.11"
  resolved "http://npm.goweike.cn/mongoose/-/mongoose-5.6.11.tgz#c63f557b702a02be8e20ec21d8f7776bdb9bd2d8"
  integrity sha1-xj9Ve3AqAr6OIOwh2Pd3a9ub0tg=
  dependencies:
    async "2.6.2"
    bson "~1.1.1"
    kareem "2.3.1"
    mongodb "3.2.7"
    mongodb-core "3.2.7"
    mongoose-legacy-pluralize "1.0.2"
    mpath "0.6.0"
    mquery "3.2.1"
    ms "2.1.2"
    regexp-clone "1.0.0"
    safe-buffer "5.1.2"
    sift "7.0.1"
    sliced "1.0.1"

mpath@0.6.0:
  version "0.6.0"
  resolved "http://npm.goweike.cn/mpath/-/mpath-0.6.0.tgz#aa922029fca4f0f641f360e74c5c1b6a4c47078e"
  integrity sha1-qpIgKfyk8PZB82DnTFwbakxHB44=

mquery@3.2.1:
  version "3.2.1"
  resolved "http://npm.goweike.cn/mquery/-/mquery-3.2.1.tgz#8b059a49cdae0a8a9e804284ef64c2f58d3ac05d"
  integrity sha1-iwWaSc2uCoqegEKE72TC9Y06wF0=
  dependencies:
    bluebird "3.5.1"
    debug "3.1.0"
    regexp-clone "^1.0.0"
    safe-buffer "5.1.2"
    sliced "1.0.1"

ms@2.0.0:
  version "2.0.0"
  resolved "http://npm.goweike.cn/ms/-/ms-2.0.0.tgz#5608aeadfc00be6c2901df5f9861788de0d597c8"
  integrity sha1-VgiurfwAvmwpAd9fmGF4jeDVl8g=

ms@2.1.2, ms@^2.1.1:
  version "2.1.2"
  resolved "http://npm.goweike.cn/ms/-/ms-2.1.2.tgz#d09d1f357b443f493382a8eb3ccd183872ae6009"
  integrity sha1-0J0fNXtEP0kzgqjrPM0YOHKuYAk=

mysql@^2.17.1:
  version "2.17.1"
  resolved "http://npm.goweike.cn/mysql/-/mysql-2.17.1.tgz#62bba4a039a9b2f73638cd1652ce50fc6f682899"
  integrity sha1-YrukoDmpsvc2OM0WUs5Q/G9oKJk=
  dependencies:
    bignumber.js "7.2.1"
    readable-stream "2.3.6"
    safe-buffer "5.1.2"
    sqlstring "2.3.1"

mz@^2.7.0:
  version "2.7.0"
  resolved "http://npm.goweike.cn/mz/-/mz-2.7.0.tgz#95008057a56cafadc2bc63dde7f9ff6955948e32"
  integrity sha1-lQCAV6Vsr63CvGPd5/n/aVWUjjI=
  dependencies:
    any-promise "^1.0.0"
    object-assign "^4.0.1"
    thenify-all "^1.0.0"

negotiator@0.6.2:
  version "0.6.2"
  resolved "http://npm.goweike.cn/negotiator/-/negotiator-0.6.2.tgz#feacf7ccf525a77ae9634436a64883ffeca346fb"
  integrity sha1-/qz3zPUlp3rpY0Q2pkiD/+yjRvs=

object-assign@^4.0.1:
  version "4.1.1"
  resolved "http://npm.goweike.cn/object-assign/-/object-assign-4.1.1.tgz#2109adc7965887cfc05cbbd442cac8bfbb360863"
  integrity sha1-IQmtx5ZYh8/AXLvUQsrIv7s2CGM=

object.defaults@^0.3.0:
  version "0.3.0"
  resolved "http://npm.goweike.cn/object.defaults/-/object.defaults-0.3.0.tgz#b1eb9cbc78c4c7bd56cac6cae3dead5a7113882a"
  integrity sha1-seucvHjEx71WysbK496tWnETiCo=
  dependencies:
    array-each "^0.1.0"
    array-slice "^0.2.3"
    for-own "^0.1.3"
    isobject "^1.0.0"

object.filter@^0.3.0:
  version "0.3.0"
  resolved "http://npm.goweike.cn/object.filter/-/object.filter-0.3.0.tgz#1091c69394b44f96d9d6356dd08785028ad6bff9"
  integrity sha1-EJHGk5S0T5bZ1jVt0IeFAorWv/k=
  dependencies:
    for-own "^0.1.2"
    make-iterator "^0.1.0"

object.omit@^2.0.0:
  version "2.0.1"
  resolved "http://npm.goweike.cn/object.omit/-/object.omit-2.0.1.tgz#1a9c744829f39dbb858c76ca3579ae2a54ebd1fa"
  integrity sha1-Gpx0SCnznbuFjHbKNXmuKlTr0fo=
  dependencies:
    for-own "^0.1.4"
    is-extendable "^0.1.1"

object.pick@^1.1.1:
  version "1.3.0"
  resolved "http://npm.goweike.cn/object.pick/-/object.pick-1.3.0.tgz#87a10ac4c1694bd2e1cbf53591a66141fb5dd747"
  integrity sha1-h6EKxMFpS9Lhy/U1kaZhQftd10c=
  dependencies:
    isobject "^3.0.1"

object.reduce@^0.1.7:
  version "0.1.7"
  resolved "http://npm.goweike.cn/object.reduce/-/object.reduce-0.1.7.tgz#d180e84f72d218348af45352b55165246b95046d"
  integrity sha1-0YDoT3LSGDSK9FNStVFlJGuVBG0=
  dependencies:
    for-own "^0.1.3"

on-finished@^2.3.0:
  version "2.3.0"
  resolved "http://npm.goweike.cn/on-finished/-/on-finished-2.3.0.tgz#20f1336481b083cd75337992a16971aa2d906947"
  integrity sha1-IPEzZIGwg811M3mSoWlxqi2QaUc=
  dependencies:
    ee-first "1.1.1"

only@~0.0.2:
  version "0.0.2"
  resolved "http://npm.goweike.cn/only/-/only-0.0.2.tgz#2afde84d03e50b9a8edc444e30610a70295edfb4"
  integrity sha1-Kv3oTQPlC5qO3EROMGEKcCle37Q=

parseurl@^1.3.2:
  version "1.3.3"
  resolved "http://npm.goweike.cn/parseurl/-/parseurl-1.3.3.tgz#9da19e7bee8d12dff0513ed5b76957793bc2e8d4"
  integrity sha1-naGee+6NEt/wUT7Vt2lXeTvC6NQ=

path-to-regexp@^1.1.1:
  version "1.7.0"
  resolved "http://npm.goweike.cn/path-to-regexp/-/path-to-regexp-1.7.0.tgz#59fde0f435badacba103a84e9d3bc64e96b9937d"
  integrity sha1-Wf3g9DW62suhA6hOnTvGTpa5k30=
  dependencies:
    isarray "0.0.1"

process-nextick-args@~2.0.0:
  version "2.0.1"
  resolved "http://npm.goweike.cn/process-nextick-args/-/process-nextick-args-2.0.1.tgz#7820d9b16120cc55ca9ae7792680ae7dba6d7fe2"
  integrity sha1-eCDZsWEgzFXKmud5JoCufbptf+I=

qs@~4.0.0:
  version "4.0.0"
  resolved "http://npm.goweike.cn/qs/-/qs-4.0.0.tgz#c31d9b74ec27df75e543a86c78728ed8d4623607"
  integrity sha1-wx2bdOwn33XlQ6hseHKO2NRiNgc=

raw-body@~2.1.2:
  version "2.1.7"
  resolved "http://npm.goweike.cn/raw-body/-/raw-body-2.1.7.tgz#adfeace2e4fb3098058014d08c072dcc59758774"
  integrity sha1-rf6s4uT7MJgFgBTQjActzFl1h3Q=
  dependencies:
    bytes "2.4.0"
    iconv-lite "0.4.13"
    unpipe "1.0.0"

readable-stream@2.3.6:
  version "2.3.6"
  resolved "http://npm.goweike.cn/readable-stream/-/readable-stream-2.3.6.tgz#b11c27d88b8ff1fbe070643cf94b0c79ae1b0aaf"
  integrity sha512-tQtKA9WIAhBF3+VLAseyMqZeBjW0AHJoxOtYqSUZNJxauErmLbVm2FW1y+J/YA9dUrAC39ITejlZWhVIwawkKw==
  dependencies:
    core-util-is "~1.0.0"
    inherits "~2.0.3"
    isarray "~1.0.0"
    process-nextick-args "~2.0.0"
    safe-buffer "~5.1.1"
    string_decoder "~1.1.1"
    util-deprecate "~1.0.1"

redis-commands@1.5.0:
  version "1.5.0"
  resolved "http://npm.goweike.cn/redis-commands/-/redis-commands-1.5.0.tgz#80d2e20698fe688f227127ff9e5164a7dd17e785"
  integrity sha1-gNLiBpj+aI8icSf/nlFkp90X54U=

redis-errors@^1.0.0, redis-errors@^1.2.0:
  version "1.2.0"
  resolved "http://npm.goweike.cn/redis-errors/-/redis-errors-1.2.0.tgz#eb62d2adb15e4eaf4610c04afe1529384250abad"
  integrity sha1-62LSrbFeTq9GEMBK/hUpOEJQq60=

redis-parser@^3.0.0:
  version "3.0.0"
  resolved "http://npm.goweike.cn/redis-parser/-/redis-parser-3.0.0.tgz#b66d828cdcafe6b4b8a428a7def4c6bcac31c8b4"
  integrity sha1-tm2CjNyv5rS4pCin3vTGvKwxyLQ=
  dependencies:
    redis-errors "^1.0.0"

regexp-clone@1.0.0, regexp-clone@^1.0.0:
  version "1.0.0"
  resolved "http://npm.goweike.cn/regexp-clone/-/regexp-clone-1.0.0.tgz#222db967623277056260b992626354a04ce9bf63"
  integrity sha1-Ii25Z2IydwViYLmSYmNUoEzpv2M=

repeat-string@^1.5.2:
  version "1.6.1"
  resolved "http://npm.goweike.cn/repeat-string/-/repeat-string-1.6.1.tgz#8dcae470e1c88abc2d600fff4a776286da75e637"
  integrity sha1-jcrkcOHIirwtYA//Sndihtp15jc=

require_optional@^1.0.1:
  version "1.0.1"
  resolved "http://npm.goweike.cn/require_optional/-/require_optional-1.0.1.tgz#4cf35a4247f64ca3df8c2ef208cc494b1ca8fc2e"
  integrity sha1-TPNaQkf2TKPfjC7yCMxJSxyo/C4=
  dependencies:
    resolve-from "^2.0.0"
    semver "^5.1.0"

resolve-from@^2.0.0:
  version "2.0.0"
  resolved "http://npm.goweike.cn/resolve-from/-/resolve-from-2.0.0.tgz#9480ab20e94ffa1d9e80a804c7ea147611966b57"
  integrity sha1-lICrIOlP+h2egKgEx+oUdhGWa1c=

right-align@^0.1.3:
  version "0.1.3"
  resolved "http://npm.goweike.cn/right-align/-/right-align-0.1.3.tgz#61339b722fe6a3515689210d24e14c96148613ef"
  integrity sha1-YTObci/mo1FWiSENJOFMlhSGE+8=
  dependencies:
    align-text "^0.1.1"

safe-buffer@5.1.2, safe-buffer@~5.1.0, safe-buffer@~5.1.1:
  version "5.1.2"
  resolved "http://npm.goweike.cn/safe-buffer/-/safe-buffer-5.1.2.tgz#991ec69d296e0313747d59bdfd2b745c35f8828d"
  integrity sha512-Gd2UZBJDkXlY7GbJxfsE8/nvKkUEU1G38c1siN6QP6a9PT9MmHB8GnpscSmMJSoF8LOIrt8ud/wPtojys4G6+g==

safe-buffer@^5.0.1, safe-buffer@^5.1.2:
  version "5.2.0"
  resolved "http://npm.goweike.cn/safe-buffer/-/safe-buffer-5.2.0.tgz#b74daec49b1148f88c64b68d49b1e815c1f2f519"
  integrity sha1-t02uxJsRSPiMZLaNSbHoFcHy9Rk=

saslprep@^1.0.0:
  version "1.0.3"
  resolved "http://npm.goweike.cn/saslprep/-/saslprep-1.0.3.tgz#4c02f946b56cf54297e347ba1093e7acac4cf226"
  integrity sha1-TAL5RrVs9UKX40e6EJPnrKxM8iY=
  dependencies:
    sparse-bitfield "^3.0.3"

semver@^5.1.0, semver@^5.6.0:
  version "5.7.1"
  resolved "http://npm.goweike.cn/semver/-/semver-5.7.1.tgz#a954f931aeba508d307bbf069eff0c01c96116f7"
  integrity sha1-qVT5Ma66UI0we78Gnv8MAclhFvc=

setprototypeof@1.1.1:
  version "1.1.1"
  resolved "http://npm.goweike.cn/setprototypeof/-/setprototypeof-1.1.1.tgz#7e95acb24aa92f5885e0abef5ba131330d4ae683"
  integrity sha512-JvdAWfbXeIGaZ9cILp38HntZSFSo3mWg6xGcJJsd+d4aRMOqauag1C63dJfDw7OaMYwEbHMOxEZ1lqVRYP2OAw==

sift@7.0.1:
  version "7.0.1"
  resolved "http://npm.goweike.cn/sift/-/sift-7.0.1.tgz#47d62c50b159d316f1372f8b53f9c10cd21a4b08"
  integrity sha1-R9YsULFZ0xbxNy+LU/nBDNIaSwg=

sliced@1.0.1:
  version "1.0.1"
  resolved "http://npm.goweike.cn/sliced/-/sliced-1.0.1.tgz#0b3a662b5d04c3177b1926bea82b03f837a2ef41"
  integrity sha1-CzpmK10Ewxd7GSa+qCsD+Dei70E=

sparse-bitfield@^3.0.3:
  version "3.0.3"
  resolved "http://npm.goweike.cn/sparse-bitfield/-/sparse-bitfield-3.0.3.tgz#ff4ae6e68656056ba4b3e792ab3334d38273ca11"
  integrity sha1-/0rm5oZWBWuks+eSqzM004JzyhE=
  dependencies:
    memory-pager "^1.0.2"

sqlstring@2.3.1:
  version "2.3.1"
  resolved "http://npm.goweike.cn/sqlstring/-/sqlstring-2.3.1.tgz#475393ff9e91479aea62dcaf0ca3d14983a7fb40"
  integrity sha1-R1OT/56RR5rqYtyvDKPRSYOn+0A=

standard-as-callback@^2.0.1:
  version "2.0.1"
  resolved "http://npm.goweike.cn/standard-as-callback/-/standard-as-callback-2.0.1.tgz#ed8bb25648e15831759b6023bdb87e6b60b38126"
  integrity sha1-7YuyVkjhWDF1m2Ajvbh+a2CzgSY=

"statuses@>= 1.5.0 < 2", statuses@^1.5.0:
  version "1.5.0"
  resolved "http://npm.goweike.cn/statuses/-/statuses-1.5.0.tgz#161c7dac177659fd9811f43771fa99381478628c"
  integrity sha1-Fhx9rBd2Wf2YEfQ3cfqZOBR4Yow=

string_decoder@~1.1.1:
  version "1.1.1"
  resolved "http://npm.goweike.cn/string_decoder/-/string_decoder-1.1.1.tgz#9cf1611ba62685d7030ae9e4ba34149c3af03fc8"
  integrity sha512-n/ShnvDi6FHbbVfviro+WojiFzv+s8MPMHBczVePfUpDJLwoLT0ht1l4YwBCbi8pJAveEEdnkHyPyTP/mzRfwg==
  dependencies:
    safe-buffer "~5.1.0"

striptags@^2.0.3:
  version "2.2.1"
  resolved "http://npm.goweike.cn/striptags/-/striptags-2.2.1.tgz#4c450b708d41b8bf39cf24c49ff234fc6aabfd32"
  integrity sha1-TEULcI1BuL85zyTEn/I0/Gqr/TI=

thenify-all@^1.0.0:
  version "1.6.0"
  resolved "http://npm.goweike.cn/thenify-all/-/thenify-all-1.6.0.tgz#1a1918d402d8fc3f98fbf234db0bcc8cc10e9726"
  integrity sha1-GhkY1ALY/D+Y+/I02wvMjMEOlyY=
  dependencies:
    thenify ">= 3.1.0 < 4"

"thenify@>= 3.1.0 < 4":
  version "3.3.0"
  resolved "http://npm.goweike.cn/thenify/-/thenify-3.3.0.tgz#e69e38a1babe969b0108207978b9f62b88604839"
  integrity sha1-5p44obq+lpsBCCB5eLn2K4hgSDk=
  dependencies:
    any-promise "^1.0.0"

toidentifier@1.0.0:
  version "1.0.0"
  resolved "http://npm.goweike.cn/toidentifier/-/toidentifier-1.0.0.tgz#7e1be3470f1e77948bc43d94a3c8f4d7752ba553"
  integrity sha1-fhvjRw8ed5SLxD2Uo8j013UrpVM=

type-is@^1.6.16, type-is@~1.6.6:
  version "1.6.18"
  resolved "http://npm.goweike.cn/type-is/-/type-is-1.6.18.tgz#4e552cd05df09467dcbc4ef739de89f2cf37c131"
  integrity sha1-TlUs0F3wlGfcvE73Od6J8s83wTE=
  dependencies:
    media-typer "0.3.0"
    mime-types "~2.1.24"

unescape@^1.0.1:
  version "1.0.1"
  resolved "http://npm.goweike.cn/unescape/-/unescape-1.0.1.tgz#956e430f61cad8a4d57d82c518f5e6cc5d0dda96"
  integrity sha1-lW5DD2HK2KTVfYLFGPXmzF0N2pY=
  dependencies:
    extend-shallow "^2.0.1"

unpipe@1.0.0:
  version "1.0.0"
  resolved "http://npm.goweike.cn/unpipe/-/unpipe-1.0.0.tgz#b2bf4ee8514aae6165b4817829d21b2ef49904ec"
  integrity sha1-sr9O6FFKrmFltIF4KdIbLvSZBOw=

urijs@^1.19.0:
  version "1.19.8"
  resolved "https://registry.yarnpkg.com/urijs/-/urijs-1.19.8.tgz#ee0407a18528934d3c383e691912f47043a58feb"
  integrity sha512-iIXHrjomQ0ZCuDRy44wRbyTZVnfVNLVo3Ksz1yxNyE5wV1IDZW2S5Jszy45DTlw/UdsnRT7DyDhIz7Gy+vJumw==

util-deprecate@~1.0.1:
  version "1.0.2"
  resolved "http://npm.goweike.cn/util-deprecate/-/util-deprecate-1.0.2.tgz#450d4dc9fa70de732762fbd2d4a28981419a0ccf"
  integrity sha1-RQ1Nyfpw3nMnYvvS1KKJgUGaDM8=

utility@^1.16.1:
  version "1.16.1"
  resolved "http://npm.goweike.cn/utility/-/utility-1.16.1.tgz#383f5cb63004414767371b49c1e48ca019e26b0f"
  integrity sha1-OD9ctjAEQUdnNxtJweSMoBniaw8=
  dependencies:
    copy-to "^2.0.1"
    escape-html "^1.0.3"
    mkdirp "^0.5.1"
    mz "^2.7.0"
    unescape "^1.0.1"

utils@^0.3.1:
  version "0.3.1"
  resolved "http://npm.goweike.cn/utils/-/utils-0.3.1.tgz#04efaeb4290a67037a4cddfd2ff56144cc3a4581"
  integrity sha1-BO+utCkKZwN6TN39L/VhRMw6RYE=
  dependencies:
    any "^1.0.0"
    arr-diff "^1.1.0"
    arr-flatten "^1.0.1"
    arr-map "^2.0.0"
    arr-union "^3.0.0"
    array-each "^0.1.1"
    array-slice "^0.2.3"
    array-unique "^0.2.1"
    center-align "^0.1.1"
    export-dirs "^0.2.4"
    export-files "^2.1.0"
    for-in "^0.1.4"
    for-own "^0.1.3"
    has-values "^0.1.3"
    is-number "^2.0.2"
    is-plain-object "^2.0.1"
    kind-of "^2.0.1"
    make-iterator "^0.2.0"
    object.defaults "^0.3.0"
    object.filter "^0.3.0"
    object.omit "^2.0.0"
    object.pick "^1.1.1"
    object.reduce "^0.1.7"
    right-align "^0.1.3"
    striptags "^2.0.3"
    word-wrap "^1.1.0"

vary@^1.1.2:
  version "1.1.2"
  resolved "http://npm.goweike.cn/vary/-/vary-1.1.2.tgz#2299f02c6ded30d4a5961b0b9f74524a18f634fc"
  integrity sha1-IpnwLG3tMNSllhsLn3RSShj2NPw=

word-wrap@^1.1.0:
  version "1.2.3"
  resolved "http://npm.goweike.cn/word-wrap/-/word-wrap-1.2.3.tgz#610636f6b1f703891bd34771ccb17fb93b47079c"
  integrity sha1-YQY29rH3A4kb00dxzLF/uTtHB5w=

ylru@^1.2.0:
  version "1.2.1"
  resolved "http://npm.goweike.cn/ylru/-/ylru-1.2.1.tgz#f576b63341547989c1de7ba288760923b27fe84f"
  integrity sha1-9Xa2M0FUeYnB3nuiiHYJI7J/6E8=
